{
  "version": 4,
  "terraform_version": "1.12.1",
  "serial": 3,
  "lineage": "b2e61e28-07fb-cba1-9743-05255545e786",
  "outputs": {
    "cluster_info": {
      "value": {
        "cluster_name": "openstudio-server-large",
        "master_private_ip": "10.0.1.64",
        "master_public_ip": "10.60.127.49",
        "total_nodes": 3,
        "web_node_count": 1,
        "worker_node_count": 1
      },
      "type": [
        "object",
        {
          "cluster_name": "string",
          "master_private_ip": "string",
          "master_public_ip": "string",
          "total_nodes": "number",
          "web_node_count": "number",
          "worker_node_count": "number"
        }
      ]
    },
    "kubespray_inventory_template": {
      "value": "[all]\nmaster ansible_host=10.60.127.49 ip=10.0.1.64\n\nworker-1 ansible_host=10.60.125.99 ip=10.0.1.19\n\n\nweb-1 ansible_host=10.60.124.133 ip=10.0.1.227\n\n\n[kube-master]\nmaster\n\n[etcd]\nmaster\n\n[kube-node]\n\nworker-1\n\n\nweb-1\n\n\n[calico-rr]\n\n[k8s-cluster:children]\nkube-master\nkube-node\ncalico-rr\n\n[k8s-cluster:vars]\nansible_user=ubuntu\nansible_ssh_private_key_file=~/.ssh/id_rsa\n",
      "type": "string"
    },
    "master_floating_ip": {
      "value": "10.60.127.49",
      "type": "string"
    },
    "master_ip": {
      "value": "10.0.1.64",
      "type": "string"
    },
    "ssh_connection_info": {
      "value": {
        "master_ssh_command": "ssh ubuntu@10.60.127.49",
        "note": "Use your SSH private key (achapin) for authentication",
        "web_ssh_commands": [
          "ssh ubuntu@10.60.124.133"
        ],
        "worker_ssh_commands": [
          "ssh ubuntu@10.60.125.99"
        ]
      },
      "type": [
        "object",
        {
          "master_ssh_command": "string",
          "note": "string",
          "web_ssh_commands": [
            "tuple",
            [
              "string"
            ]
          ],
          "worker_ssh_commands": [
            "tuple",
            [
              "string"
            ]
          ]
        }
      ]
    },
    "web_floating_ips": {
      "value": [
        "10.60.124.133"
      ],
      "type": [
        "tuple",
        [
          "string"
        ]
      ]
    },
    "web_node_ips": {
      "value": [
        "10.0.1.227"
      ],
      "type": [
        "tuple",
        [
          "string"
        ]
      ]
    },
    "worker_floating_ips": {
      "value": [
        "10.60.125.99"
      ],
      "type": [
        "tuple",
        [
          "string"
        ]
      ]
    },
    "worker_ips": {
      "value": [
        "10.0.1.19"
      ],
      "type": [
        "tuple",
        [
          "string"
        ]
      ]
    }
  },
  "resources": [
    {
      "mode": "data",
      "type": "openstack_images_image_v2",
      "name": "ubuntu_image",
      "provider": "provider[\"registry.opentofu.org/terraform-provider-openstack/openstack\"]",
      "instances": [
        {
          "schema_version": 0,
          "attributes": {
            "checksum": "0d8646d16b91372aec21c09cb19097c1",
            "container_format": "bare",
            "created_at": "2026-06-03T20:12:19Z",
            "disk_format": "qcow2",
            "file": "/v2/images/b2bc599c-895c-40d3-bf79-6e3bce929ed1/file",
            "hidden": false,
            "id": "b2bc599c-895c-40d3-bf79-6e3bce929ed1",
            "member_status": null,
            "metadata": {},
            "min_disk_gb": 0,
            "min_ram_mb": 0,
            "most_recent": true,
            "name": "ubuntu-jammy-20260320",
            "name_regex": null,
            "owner": "6fe41108039f4475a221d74d5be203d9",
            "properties": {
              "os_hash_algo": "sha512",
              "os_hash_value": "4924e89d86237826e3b24aad6ce9f54bac094314251646f2296cc706896cbc35a9434df8b2cff7f54afe077139fda6e64347280c7a7559a3a5b8bb7ac285983f",
              "owner_specified.openstack.md5": "",
              "owner_specified.openstack.object": "images/ubuntu-jammy-20260320",
              "owner_specified.openstack.sha256": "",
              "stores": "rbd"
            },
            "protected": false,
            "region": "RegionOne",
            "schema": "/v2/schemas/image",
            "size_bytes": 692407808,
            "size_max": null,
            "size_min": null,
            "sort_direction": "asc",
            "sort_key": "name",
            "tag": null,
            "tags": [],
            "updated_at": "2026-06-03T20:14:39Z",
            "visibility": "private"
          },
          "sensitive_attributes": []
        }
      ]
    },
    {
      "mode": "data",
      "type": "openstack_networking_network_v2",
      "name": "external_network",
      "provider": "provider[\"registry.opentofu.org/terraform-provider-openstack/openstack\"]",
      "instances": [
        {
          "schema_version": 0,
          "attributes": {
            "admin_state_up": "true",
            "all_tags": [],
            "availability_zone_hints": [],
            "description": "",
            "dns_domain": "",
            "external": true,
            "id": "3a3c1da0-9b3f-47bc-bccf-e5ea155f37fa",
            "matching_subnet_cidr": null,
            "mtu": 9000,
            "name": "external",
            "network_id": null,
            "region": "RegionOne",
            "segments": [],
            "shared": "true",
            "status": null,
            "subnets": [
              "039f7271-3529-4c95-86ff-ca476ffef8e5"
            ],
            "tags": null,
            "tenant_id": "1c3d48194cc44f809138ffa6ac1632e4",
            "transparent_vlan": false
          },
          "sensitive_attributes": []
        }
      ]
    },
    {
      "mode": "managed",
      "type": "openstack_blockstorage_volume_v3",
      "name": "master_volume",
      "provider": "provider[\"registry.opentofu.org/terraform-provider-openstack/openstack\"]",
      "instances": [
        {
          "schema_version": 0,
          "attributes": {
            "attachment": [],
            "availability_zone": "nova",
            "backup_id": "",
            "consistency_group_id": null,
            "description": "",
            "enable_online_resize": null,
            "id": "86f728a2-caa8-4338-90e6-a321ebc09716",
            "image_id": "b2bc599c-895c-40d3-bf79-6e3bce929ed1",
            "metadata": {},
            "multiattach": null,
            "name": "openstudio-server-large-master-volume",
            "region": "RegionOne",
            "scheduler_hints": [],
            "size": 550,
            "snapshot_id": "",
            "source_replica": null,
            "source_vol_id": "",
            "timeouts": null,
            "volume_type": "lagos_ssd"
          },
          "sensitive_attributes": [],
          "private": "eyJlMmJmYjczMC1lY2FhLTExZTYtOGY4OC0zNDM2M2JjN2M0YzAiOnsiY3JlYXRlIjo2MDAwMDAwMDAwMDAsImRlbGV0ZSI6NjAwMDAwMDAwMDAwfX0=",
          "dependencies": [
            "data.openstack_images_image_v2.ubuntu_image"
          ]
        }
      ]
    },
    {
      "mode": "managed",
      "type": "openstack_blockstorage_volume_v3",
      "name": "web_volume",
      "provider": "provider[\"registry.opentofu.org/terraform-provider-openstack/openstack\"]",
      "instances": [
        {
          "index_key": 0,
          "schema_version": 0,
          "attributes": {
            "attachment": [],
            "availability_zone": "nova",
            "backup_id": "",
            "consistency_group_id": null,
            "description": "",
            "enable_online_resize": null,
            "id": "6975e991-331c-49cf-b684-c878df18b622",
            "image_id": "b2bc599c-895c-40d3-bf79-6e3bce929ed1",
            "metadata": {},
            "multiattach": null,
            "name": "openstudio-server-large-web-1-volume",
            "region": "RegionOne",
            "scheduler_hints": [],
            "size": 550,
            "snapshot_id": "",
            "source_replica": null,
            "source_vol_id": "",
            "timeouts": null,
            "volume_type": "lagos_ssd"
          },
          "sensitive_attributes": [],
          "private": "eyJlMmJmYjczMC1lY2FhLTExZTYtOGY4OC0zNDM2M2JjN2M0YzAiOnsiY3JlYXRlIjo2MDAwMDAwMDAwMDAsImRlbGV0ZSI6NjAwMDAwMDAwMDAwfX0=",
          "dependencies": [
            "data.openstack_images_image_v2.ubuntu_image"
          ]
        }
      ]
    },
    {
      "mode": "managed",
      "type": "openstack_blockstorage_volume_v3",
      "name": "worker_volume",
      "provider": "provider[\"registry.opentofu.org/terraform-provider-openstack/openstack\"]",
      "instances": [
        {
          "index_key": 0,
          "schema_version": 0,
          "attributes": {
            "attachment": [],
            "availability_zone": "nova",
            "backup_id": "",
            "consistency_group_id": null,
            "description": "",
            "enable_online_resize": null,
            "id": "1a2ec00d-d0bd-4db3-83ae-ec9335ab7b95",
            "image_id": "b2bc599c-895c-40d3-bf79-6e3bce929ed1",
            "metadata": {},
            "multiattach": null,
            "name": "openstudio-server-large-worker-1-volume",
            "region": "RegionOne",
            "scheduler_hints": [],
            "size": 550,
            "snapshot_id": "",
            "source_replica": null,
            "source_vol_id": "",
            "timeouts": null,
            "volume_type": "lagos_ssd"
          },
          "sensitive_attributes": [],
          "private": "eyJlMmJmYjczMC1lY2FhLTExZTYtOGY4OC0zNDM2M2JjN2M0YzAiOnsiY3JlYXRlIjo2MDAwMDAwMDAwMDAsImRlbGV0ZSI6NjAwMDAwMDAwMDAwfX0=",
          "dependencies": [
            "data.openstack_images_image_v2.ubuntu_image"
          ]
        }
      ]
    },
    {
      "mode": "managed",
      "type": "openstack_networking_floatingip_v2",
      "name": "master_fip",
      "provider": "provider[\"registry.opentofu.org/terraform-provider-openstack/openstack\"]",
      "instances": [
        {
          "schema_version": 0,
          "attributes": {
            "address": "10.60.127.49",
            "all_tags": [],
            "description": "",
            "dns_domain": "",
            "dns_name": "",
            "fixed_ip": "",
            "id": "3f20ce50-03a9-426d-9c1c-31ee60b756e4",
            "pool": "external",
            "port_id": "",
            "region": "RegionOne",
            "subnet_id": null,
            "subnet_ids": null,
            "tags": null,
            "tenant_id": "6fe41108039f4475a221d74d5be203d9",
            "timeouts": null,
            "value_specs": null
          },
          "sensitive_attributes": [],
          "private": "eyJlMmJmYjczMC1lY2FhLTExZTYtOGY4OC0zNDM2M2JjN2M0YzAiOnsiY3JlYXRlIjo2MDAwMDAwMDAwMDAsImRlbGV0ZSI6NjAwMDAwMDAwMDAwfX0="
        }
      ]
    },
    {
      "mode": "managed",
      "type": "openstack_networking_floatingip_v2",
      "name": "web_fip",
      "provider": "provider[\"registry.opentofu.org/terraform-provider-openstack/openstack\"]",
      "instances": [
        {
          "index_key": 0,
          "schema_version": 0,
          "attributes": {
            "address": "10.60.124.133",
            "all_tags": [],
            "description": "",
            "dns_domain": "",
            "dns_name": "",
            "fixed_ip": "",
            "id": "e7db02fa-0d6e-4a16-b51e-27b3fffe8d3a",
            "pool": "external",
            "port_id": "",
            "region": "RegionOne",
            "subnet_id": null,
            "subnet_ids": null,
            "tags": null,
            "tenant_id": "6fe41108039f4475a221d74d5be203d9",
            "timeouts": null,
            "value_specs": null
          },
          "sensitive_attributes": [],
          "private": "eyJlMmJmYjczMC1lY2FhLTExZTYtOGY4OC0zNDM2M2JjN2M0YzAiOnsiY3JlYXRlIjo2MDAwMDAwMDAwMDAsImRlbGV0ZSI6NjAwMDAwMDAwMDAwfX0="
        }
      ]
    },
    {
      "mode": "managed",
      "type": "openstack_networking_floatingip_v2",
      "name": "worker_fip",
      "provider": "provider[\"registry.opentofu.org/terraform-provider-openstack/openstack\"]",
      "instances": [
        {
          "index_key": 0,
          "schema_version": 0,
          "attributes": {
            "address": "10.60.125.99",
            "all_tags": [],
            "description": "",
            "dns_domain": "",
            "dns_name": "",
            "fixed_ip": "",
            "id": "2cc489f9-ffa2-4b9e-97ae-5a21267768ca",
            "pool": "external",
            "port_id": "",
            "region": "RegionOne",
            "subnet_id": null,
            "subnet_ids": null,
            "tags": null,
            "tenant_id": "6fe41108039f4475a221d74d5be203d9",
            "timeouts": null,
            "value_specs": null
          },
          "sensitive_attributes": [],
          "private": "eyJlMmJmYjczMC1lY2FhLTExZTYtOGY4OC0zNDM2M2JjN2M0YzAiOnsiY3JlYXRlIjo2MDAwMDAwMDAwMDAsImRlbGV0ZSI6NjAwMDAwMDAwMDAwfX0="
        }
      ]
    },
    {
      "mode": "managed",
      "type": "openstack_networking_network_v2",
      "name": "k8s_network",
      "provider": "provider[\"registry.opentofu.org/terraform-provider-openstack/openstack\"]",
      "instances": [
        {
          "schema_version": 0,
          "attributes": {
            "admin_state_up": true,
            "all_tags": [],
            "availability_zone_hints": [],
            "description": "",
            "dns_domain": "",
            "external": false,
            "id": "d3311943-1ada-4bee-826e-0b9d91f84c15",
            "mtu": 8942,
            "name": "openstudio-server-large-network",
            "port_security_enabled": true,
            "qos_policy_id": "",
            "region": "RegionOne",
            "segments": [],
            "shared": false,
            "tags": null,
            "tenant_id": "6fe41108039f4475a221d74d5be203d9",
            "timeouts": null,
            "transparent_vlan": false,
            "value_specs": null
          },
          "sensitive_attributes": [],
          "private": "eyJlMmJmYjczMC1lY2FhLTExZTYtOGY4OC0zNDM2M2JjN2M0YzAiOnsiY3JlYXRlIjo2MDAwMDAwMDAwMDAsImRlbGV0ZSI6NjAwMDAwMDAwMDAwfX0="
        }
      ]
    },
    {
      "mode": "managed",
      "type": "openstack_networking_port_v2",
      "name": "master_port",
      "provider": "provider[\"registry.opentofu.org/terraform-provider-openstack/openstack\"]",
      "instances": [
        {
          "schema_version": 0,
          "attributes": {
            "admin_state_up": true,
            "all_fixed_ips": [
              "10.0.1.64"
            ],
            "all_security_group_ids": [
              "1f5368b8-0e9a-4dd8-bdaf-939968bde581"
            ],
            "all_tags": [],
            "allowed_address_pairs": [],
            "binding": [
              {
                "host_id": "",
                "profile": "",
                "vif_details": {},
                "vif_type": "",
                "vnic_type": "normal"
              }
            ],
            "description": "",
            "device_id": "",
            "device_owner": "",
            "dns_assignment": [],
            "dns_name": "",
            "extra_dhcp_option": [],
            "fixed_ip": [
              {
                "ip_address": "",
                "subnet_id": "0e4027e0-718d-4ae1-8de6-ef45b0256b37"
              }
            ],
            "id": "9b97e1bb-19c5-48c7-92c6-04b89906adce",
            "mac_address": "fa:16:3e:e3:29:57",
            "name": "openstudio-server-large-master-port",
            "network_id": "d3311943-1ada-4bee-826e-0b9d91f84c15",
            "no_fixed_ip": null,
            "no_security_groups": null,
            "port_security_enabled": true,
            "qos_policy_id": "",
            "region": "RegionOne",
            "security_group_ids": [
              "1f5368b8-0e9a-4dd8-bdaf-939968bde581"
            ],
            "tags": null,
            "tenant_id": "6fe41108039f4475a221d74d5be203d9",
            "timeouts": null,
            "value_specs": null
          },
          "sensitive_attributes": [],
          "private": "eyJlMmJmYjczMC1lY2FhLTExZTYtOGY4OC0zNDM2M2JjN2M0YzAiOnsiY3JlYXRlIjo2MDAwMDAwMDAwMDAsImRlbGV0ZSI6NjAwMDAwMDAwMDAwfX0=",
          "dependencies": [
            "openstack_networking_network_v2.k8s_network",
            "openstack_networking_secgroup_v2.k8s_secgroup",
            "openstack_networking_subnet_v2.k8s_subnet"
          ]
        }
      ]
    },
    {
      "mode": "managed",
      "type": "openstack_networking_port_v2",
      "name": "web_port",
      "provider": "provider[\"registry.opentofu.org/terraform-provider-openstack/openstack\"]",
      "instances": [
        {
          "index_key": 0,
          "schema_version": 0,
          "attributes": {
            "admin_state_up": true,
            "all_fixed_ips": [
              "10.0.1.227"
            ],
            "all_security_group_ids": [
              "1f5368b8-0e9a-4dd8-bdaf-939968bde581"
            ],
            "all_tags": [],
            "allowed_address_pairs": [],
            "binding": [
              {
                "host_id": "",
                "profile": "",
                "vif_details": {},
                "vif_type": "",
                "vnic_type": "normal"
              }
            ],
            "description": "",
            "device_id": "",
            "device_owner": "",
            "dns_assignment": [],
            "dns_name": "",
            "extra_dhcp_option": [],
            "fixed_ip": [
              {
                "ip_address": "",
                "subnet_id": "0e4027e0-718d-4ae1-8de6-ef45b0256b37"
              }
            ],
            "id": "46e5e207-2101-4312-899e-2f3e260ab131",
            "mac_address": "fa:16:3e:70:31:0b",
            "name": "openstudio-server-large-web-1-port",
            "network_id": "d3311943-1ada-4bee-826e-0b9d91f84c15",
            "no_fixed_ip": null,
            "no_security_groups": null,
            "port_security_enabled": true,
            "qos_policy_id": "",
            "region": "RegionOne",
            "security_group_ids": [
              "1f5368b8-0e9a-4dd8-bdaf-939968bde581"
            ],
            "tags": null,
            "tenant_id": "6fe41108039f4475a221d74d5be203d9",
            "timeouts": null,
            "value_specs": null
          },
          "sensitive_attributes": [],
          "private": "eyJlMmJmYjczMC1lY2FhLTExZTYtOGY4OC0zNDM2M2JjN2M0YzAiOnsiY3JlYXRlIjo2MDAwMDAwMDAwMDAsImRlbGV0ZSI6NjAwMDAwMDAwMDAwfX0=",
          "dependencies": [
            "openstack_networking_network_v2.k8s_network",
            "openstack_networking_secgroup_v2.k8s_secgroup",
            "openstack_networking_subnet_v2.k8s_subnet"
          ]
        }
      ]
    },
    {
      "mode": "managed",
      "type": "openstack_networking_port_v2",
      "name": "worker_port",
      "provider": "provider[\"registry.opentofu.org/terraform-provider-openstack/openstack\"]",
      "instances": [
        {
          "index_key": 0,
          "schema_version": 0,
          "attributes": {
            "admin_state_up": true,
            "all_fixed_ips": [
              "10.0.1.19"
            ],
            "all_security_group_ids": [
              "1f5368b8-0e9a-4dd8-bdaf-939968bde581"
            ],
            "all_tags": [],
            "allowed_address_pairs": [],
            "binding": [
              {
                "host_id": "",
                "profile": "",
                "vif_details": {},
                "vif_type": "",
                "vnic_type": "normal"
              }
            ],
            "description": "",
            "device_id": "",
            "device_owner": "",
            "dns_assignment": [],
            "dns_name": "",
            "extra_dhcp_option": [],
            "fixed_ip": [
              {
                "ip_address": "",
                "subnet_id": "0e4027e0-718d-4ae1-8de6-ef45b0256b37"
              }
            ],
            "id": "7685a514-8bfd-4af0-9f03-172cc8fa7661",
            "mac_address": "fa:16:3e:15:d2:38",
            "name": "openstudio-server-large-worker-1-port",
            "network_id": "d3311943-1ada-4bee-826e-0b9d91f84c15",
            "no_fixed_ip": null,
            "no_security_groups": null,
            "port_security_enabled": true,
            "qos_policy_id": "",
            "region": "RegionOne",
            "security_group_ids": [
              "1f5368b8-0e9a-4dd8-bdaf-939968bde581"
            ],
            "tags": null,
            "tenant_id": "6fe41108039f4475a221d74d5be203d9",
            "timeouts": null,
            "value_specs": null
          },
          "sensitive_attributes": [],
          "private": "eyJlMmJmYjczMC1lY2FhLTExZTYtOGY4OC0zNDM2M2JjN2M0YzAiOnsiY3JlYXRlIjo2MDAwMDAwMDAwMDAsImRlbGV0ZSI6NjAwMDAwMDAwMDAwfX0=",
          "dependencies": [
            "openstack_networking_network_v2.k8s_network",
            "openstack_networking_secgroup_v2.k8s_secgroup",
            "openstack_networking_subnet_v2.k8s_subnet"
          ]
        }
      ]
    },
    {
      "mode": "managed",
      "type": "openstack_networking_router_interface_v2",
      "name": "k8s_router_interface",
      "provider": "provider[\"registry.opentofu.org/terraform-provider-openstack/openstack\"]",
      "instances": [
        {
          "schema_version": 0,
          "attributes": {
            "force_destroy": false,
            "id": "6e9d94eb-b9c8-4d13-84aa-84a6adcbe673",
            "port_id": "6e9d94eb-b9c8-4d13-84aa-84a6adcbe673",
            "region": "RegionOne",
            "router_id": "6ee122fc-dec1-406a-8f90-01a5a1c0a138",
            "subnet_id": "0e4027e0-718d-4ae1-8de6-ef45b0256b37",
            "timeouts": null
          },
          "sensitive_attributes": [],
          "private": "eyJlMmJmYjczMC1lY2FhLTExZTYtOGY4OC0zNDM2M2JjN2M0YzAiOnsiY3JlYXRlIjo2MDAwMDAwMDAwMDAsImRlbGV0ZSI6NjAwMDAwMDAwMDAwfX0=",
          "dependencies": [
            "data.openstack_networking_network_v2.external_network",
            "openstack_networking_network_v2.k8s_network",
            "openstack_networking_router_v2.k8s_router",
            "openstack_networking_subnet_v2.k8s_subnet"
          ]
        }
      ]
    },
    {
      "mode": "managed",
      "type": "openstack_networking_router_v2",
      "name": "k8s_router",
      "provider": "provider[\"registry.opentofu.org/terraform-provider-openstack/openstack\"]",
      "instances": [
        {
          "schema_version": 0,
          "attributes": {
            "admin_state_up": true,
            "all_tags": [],
            "availability_zone_hints": [],
            "description": "",
            "distributed": false,
            "enable_snat": true,
            "external_fixed_ip": [
              {
                "ip_address": "10.60.126.162",
                "subnet_id": "039f7271-3529-4c95-86ff-ca476ffef8e5"
              }
            ],
            "external_gateway": "3a3c1da0-9b3f-47bc-bccf-e5ea155f37fa",
            "external_network_id": "3a3c1da0-9b3f-47bc-bccf-e5ea155f37fa",
            "external_subnet_ids": null,
            "id": "6ee122fc-dec1-406a-8f90-01a5a1c0a138",
            "name": "openstudio-server-large-router",
            "region": "RegionOne",
            "tags": null,
            "tenant_id": "6fe41108039f4475a221d74d5be203d9",
            "timeouts": null,
            "value_specs": null,
            "vendor_options": []
          },
          "sensitive_attributes": [],
          "private": "eyJlMmJmYjczMC1lY2FhLTExZTYtOGY4OC0zNDM2M2JjN2M0YzAiOnsiY3JlYXRlIjo2MDAwMDAwMDAwMDAsImRlbGV0ZSI6NjAwMDAwMDAwMDAwfX0=",
          "dependencies": [
            "data.openstack_networking_network_v2.external_network"
          ]
        }
      ]
    },
    {
      "mode": "managed",
      "type": "openstack_networking_secgroup_rule_v2",
      "name": "icmp_access",
      "provider": "provider[\"registry.opentofu.org/terraform-provider-openstack/openstack\"]",
      "instances": [
        {
          "schema_version": 0,
          "attributes": {
            "description": "",
            "direction": "ingress",
            "ethertype": "IPv4",
            "id": "f10d32b2-e2a7-4d64-977c-f128b8f9647c",
            "port_range_max": 0,
            "port_range_min": 0,
            "protocol": "icmp",
            "region": "RegionOne",
            "remote_group_id": "",
            "remote_ip_prefix": "0.0.0.0/0",
            "security_group_id": "1f5368b8-0e9a-4dd8-bdaf-939968bde581",
            "tenant_id": "6fe41108039f4475a221d74d5be203d9",
            "timeouts": null
          },
          "sensitive_attributes": [],
          "private": "eyJlMmJmYjczMC1lY2FhLTExZTYtOGY4OC0zNDM2M2JjN2M0YzAiOnsiZGVsZXRlIjo2MDAwMDAwMDAwMDB9fQ==",
          "dependencies": [
            "openstack_networking_secgroup_v2.k8s_secgroup"
          ]
        }
      ]
    },
    {
      "mode": "managed",
      "type": "openstack_networking_secgroup_rule_v2",
      "name": "internal_all",
      "provider": "provider[\"registry.opentofu.org/terraform-provider-openstack/openstack\"]",
      "instances": [
        {
          "schema_version": 0,
          "attributes": {
            "description": "",
            "direction": "ingress",
            "ethertype": "IPv4",
            "id": "42c26907-c0b3-4f0d-b592-55369138e508",
            "port_range_max": 0,
            "port_range_min": 0,
            "protocol": "tcp",
            "region": "RegionOne",
            "remote_group_id": "",
            "remote_ip_prefix": "10.0.1.0/24",
            "security_group_id": "1f5368b8-0e9a-4dd8-bdaf-939968bde581",
            "tenant_id": "6fe41108039f4475a221d74d5be203d9",
            "timeouts": null
          },
          "sensitive_attributes": [],
          "private": "eyJlMmJmYjczMC1lY2FhLTExZTYtOGY4OC0zNDM2M2JjN2M0YzAiOnsiZGVsZXRlIjo2MDAwMDAwMDAwMDB9fQ==",
          "dependencies": [
            "openstack_networking_secgroup_v2.k8s_secgroup"
          ]
        }
      ]
    },
    {
      "mode": "managed",
      "type": "openstack_networking_secgroup_rule_v2",
      "name": "k8s_api_access",
      "provider": "provider[\"registry.opentofu.org/terraform-provider-openstack/openstack\"]",
      "instances": [
        {
          "schema_version": 0,
          "attributes": {
            "description": "",
            "direction": "ingress",
            "ethertype": "IPv4",
            "id": "9ee77575-f3a6-4e94-bdb4-fa54f06f78d2",
            "port_range_max": 6443,
            "port_range_min": 6443,
            "protocol": "tcp",
            "region": "RegionOne",
            "remote_group_id": "",
            "remote_ip_prefix": "0.0.0.0/0",
            "security_group_id": "1f5368b8-0e9a-4dd8-bdaf-939968bde581",
            "tenant_id": "6fe41108039f4475a221d74d5be203d9",
            "timeouts": null
          },
          "sensitive_attributes": [],
          "private": "eyJlMmJmYjczMC1lY2FhLTExZTYtOGY4OC0zNDM2M2JjN2M0YzAiOnsiZGVsZXRlIjo2MDAwMDAwMDAwMDB9fQ==",
          "dependencies": [
            "openstack_networking_secgroup_v2.k8s_secgroup"
          ]
        }
      ]
    },
    {
      "mode": "managed",
      "type": "openstack_networking_secgroup_rule_v2",
      "name": "nodeport_http",
      "provider": "provider[\"registry.opentofu.org/terraform-provider-openstack/openstack\"]",
      "instances": [
        {
          "schema_version": 0,
          "attributes": {
            "description": "",
            "direction": "ingress",
            "ethertype": "IPv4",
            "id": "e4a9aa28-ad5e-4090-a891-29d378ebf563",
            "port_range_max": 30749,
            "port_range_min": 30749,
            "protocol": "tcp",
            "region": "RegionOne",
            "remote_group_id": "",
            "remote_ip_prefix": "0.0.0.0/0",
            "security_group_id": "1f5368b8-0e9a-4dd8-bdaf-939968bde581",
            "tenant_id": "6fe41108039f4475a221d74d5be203d9",
            "timeouts": null
          },
          "sensitive_attributes": [],
          "private": "eyJlMmJmYjczMC1lY2FhLTExZTYtOGY4OC0zNDM2M2JjN2M0YzAiOnsiZGVsZXRlIjo2MDAwMDAwMDAwMDB9fQ==",
          "dependencies": [
            "openstack_networking_secgroup_v2.k8s_secgroup"
          ]
        }
      ]
    },
    {
      "mode": "managed",
      "type": "openstack_networking_secgroup_rule_v2",
      "name": "nodeport_https",
      "provider": "provider[\"registry.opentofu.org/terraform-provider-openstack/openstack\"]",
      "instances": [
        {
          "schema_version": 0,
          "attributes": {
            "description": "",
            "direction": "ingress",
            "ethertype": "IPv4",
            "id": "004c112e-c65c-4039-aa43-09b1cb6331cd",
            "port_range_max": 31385,
            "port_range_min": 31385,
            "protocol": "tcp",
            "region": "RegionOne",
            "remote_group_id": "",
            "remote_ip_prefix": "0.0.0.0/0",
            "security_group_id": "1f5368b8-0e9a-4dd8-bdaf-939968bde581",
            "tenant_id": "6fe41108039f4475a221d74d5be203d9",
            "timeouts": null
          },
          "sensitive_attributes": [],
          "private": "eyJlMmJmYjczMC1lY2FhLTExZTYtOGY4OC0zNDM2M2JjN2M0YzAiOnsiZGVsZXRlIjo2MDAwMDAwMDAwMDB9fQ==",
          "dependencies": [
            "openstack_networking_secgroup_v2.k8s_secgroup"
          ]
        }
      ]
    },
    {
      "mode": "managed",
      "type": "openstack_networking_secgroup_rule_v2",
      "name": "nodeport_range",
      "provider": "provider[\"registry.opentofu.org/terraform-provider-openstack/openstack\"]",
      "instances": [
        {
          "schema_version": 0,
          "attributes": {
            "description": "",
            "direction": "ingress",
            "ethertype": "IPv4",
            "id": "733c8333-f3d8-4baf-92ad-693f711e8edd",
            "port_range_max": 32767,
            "port_range_min": 30000,
            "protocol": "tcp",
            "region": "RegionOne",
            "remote_group_id": "",
            "remote_ip_prefix": "0.0.0.0/0",
            "security_group_id": "1f5368b8-0e9a-4dd8-bdaf-939968bde581",
            "tenant_id": "6fe41108039f4475a221d74d5be203d9",
            "timeouts": null
          },
          "sensitive_attributes": [],
          "private": "eyJlMmJmYjczMC1lY2FhLTExZTYtOGY4OC0zNDM2M2JjN2M0YzAiOnsiZGVsZXRlIjo2MDAwMDAwMDAwMDB9fQ==",
          "dependencies": [
            "openstack_networking_secgroup_v2.k8s_secgroup"
          ]
        }
      ]
    },
    {
      "mode": "managed",
      "type": "openstack_networking_secgroup_rule_v2",
      "name": "pod_network_internal",
      "provider": "provider[\"registry.opentofu.org/terraform-provider-openstack/openstack\"]",
      "instances": [
        {
          "schema_version": 0,
          "attributes": {
            "description": "",
            "direction": "ingress",
            "ethertype": "IPv4",
            "id": "aec8b065-9c66-4998-8ae3-856e7f3cd845",
            "port_range_max": 0,
            "port_range_min": 0,
            "protocol": "tcp",
            "region": "RegionOne",
            "remote_group_id": "",
            "remote_ip_prefix": "10.244.0.0/16",
            "security_group_id": "1f5368b8-0e9a-4dd8-bdaf-939968bde581",
            "tenant_id": "6fe41108039f4475a221d74d5be203d9",
            "timeouts": null
          },
          "sensitive_attributes": [],
          "private": "eyJlMmJmYjczMC1lY2FhLTExZTYtOGY4OC0zNDM2M2JjN2M0YzAiOnsiZGVsZXRlIjo2MDAwMDAwMDAwMDB9fQ==",
          "dependencies": [
            "openstack_networking_secgroup_v2.k8s_secgroup"
          ]
        }
      ]
    },
    {
      "mode": "managed",
      "type": "openstack_networking_secgroup_rule_v2",
      "name": "ssh_access",
      "provider": "provider[\"registry.opentofu.org/terraform-provider-openstack/openstack\"]",
      "instances": [
        {
          "schema_version": 0,
          "attributes": {
            "description": "",
            "direction": "ingress",
            "ethertype": "IPv4",
            "id": "2ad72cdb-f49c-4a4f-b0d6-3721682e8b4f",
            "port_range_max": 22,
            "port_range_min": 22,
            "protocol": "tcp",
            "region": "RegionOne",
            "remote_group_id": "",
            "remote_ip_prefix": "0.0.0.0/0",
            "security_group_id": "1f5368b8-0e9a-4dd8-bdaf-939968bde581",
            "tenant_id": "6fe41108039f4475a221d74d5be203d9",
            "timeouts": null
          },
          "sensitive_attributes": [],
          "private": "eyJlMmJmYjczMC1lY2FhLTExZTYtOGY4OC0zNDM2M2JjN2M0YzAiOnsiZGVsZXRlIjo2MDAwMDAwMDAwMDB9fQ==",
          "dependencies": [
            "openstack_networking_secgroup_v2.k8s_secgroup"
          ]
        }
      ]
    },
    {
      "mode": "managed",
      "type": "openstack_networking_secgroup_v2",
      "name": "k8s_secgroup",
      "provider": "provider[\"registry.opentofu.org/terraform-provider-openstack/openstack\"]",
      "instances": [
        {
          "schema_version": 0,
          "attributes": {
            "all_tags": [],
            "delete_default_rules": null,
            "description": "Security group for Kubespray Kubernetes cluster",
            "id": "1f5368b8-0e9a-4dd8-bdaf-939968bde581",
            "name": "openstudio-server-large-secgroup",
            "region": "RegionOne",
            "tags": null,
            "tenant_id": "6fe41108039f4475a221d74d5be203d9",
            "timeouts": null
          },
          "sensitive_attributes": [],
          "private": "eyJlMmJmYjczMC1lY2FhLTExZTYtOGY4OC0zNDM2M2JjN2M0YzAiOnsiZGVsZXRlIjo2MDAwMDAwMDAwMDB9fQ=="
        }
      ]
    },
    {
      "mode": "managed",
      "type": "openstack_networking_subnet_v2",
      "name": "k8s_subnet",
      "provider": "provider[\"registry.opentofu.org/terraform-provider-openstack/openstack\"]",
      "instances": [
        {
          "schema_version": 0,
          "attributes": {
            "all_tags": [],
            "allocation_pool": [
              {
                "end": "10.0.1.254",
                "start": "10.0.1.2"
              }
            ],
            "allocation_pools": [
              {
                "end": "10.0.1.254",
                "start": "10.0.1.2"
              }
            ],
            "cidr": "10.0.1.0/24",
            "description": "",
            "dns_nameservers": null,
            "enable_dhcp": true,
            "gateway_ip": "10.0.1.1",
            "host_routes": [],
            "id": "0e4027e0-718d-4ae1-8de6-ef45b0256b37",
            "ip_version": 4,
            "ipv6_address_mode": "",
            "ipv6_ra_mode": "",
            "name": "openstudio-server-large-subnet",
            "network_id": "d3311943-1ada-4bee-826e-0b9d91f84c15",
            "no_gateway": false,
            "prefix_length": null,
            "region": "RegionOne",
            "service_types": [],
            "subnetpool_id": "",
            "tags": null,
            "tenant_id": "6fe41108039f4475a221d74d5be203d9",
            "timeouts": null,
            "value_specs": null
          },
          "sensitive_attributes": [],
          "private": "eyJlMmJmYjczMC1lY2FhLTExZTYtOGY4OC0zNDM2M2JjN2M0YzAiOnsiY3JlYXRlIjo2MDAwMDAwMDAwMDAsImRlbGV0ZSI6NjAwMDAwMDAwMDAwfX0=",
          "dependencies": [
            "openstack_networking_network_v2.k8s_network"
          ]
        }
      ]
    }
  ],
  "check_results": null
}

